// !$*UTF8*$!
{
	archiveVersion = 1;
	classes = {
	};
	objectVersion = 52;
	objects = {

/* Begin PBXBuildFile section */
		07067ACD2648A13B00B7BB90 /* AppDelegate.swift in Sources */ = {isa = PBXBuildFile; fileRef = 07067ACC2648A13B00B7BB90 /* AppDelegate.swift */; };
		07067ACF2648A13B00B7BB90 /* SceneDelegate.swift in Sources */ = {isa = PBXBuildFile; fileRef = 07067ACE2648A13B00B7BB90 /* SceneDelegate.swift */; };
		07067AD32648A13F00B7BB90 /* Assets.xcassets in Resources */ = {isa = PBXBuildFile; fileRef = 07067AD22648A13F00B7BB90 /* Assets.xcassets */; };
		07067AD62648A13F00B7BB90 /* Preview Assets.xcassets in Resources */ = {isa = PBXBuildFile; fileRef = 07067AD52648A13F00B7BB90 /* Preview Assets.xcassets */; };
		07067AD92648A13F00B7BB90 /* LaunchScreen.storyboard in Resources */ = {isa = PBXBuildFile; fileRef = 07067AD72648A13F00B7BB90 /* LaunchScreen.storyboard */; };
		07067AE42648A13F00B7BB90 /* HealthKitDemoTests.swift in Sources */ = {isa = PBXBuildFile; fileRef = 07067AE32648A13F00B7BB90 /* HealthKitDemoTests.swift */; };
		07067AEF2648A14000B7BB90 /* HealthKitDemoUITests.swift in Sources */ = {isa = PBXBuildFile; fileRef = 07067AEE2648A14000B7BB90 /* HealthKitDemoUITests.swift */; };
		07067AFD2648A69D00B7BB90 /* README.md in Resources */ = {isa = PBXBuildFile; fileRef = 07067AFC2648A69D00B7BB90 /* README.md */; };
		07F2C2A92659CDF400C08B41 /* SurveyViewController.swift in Sources */ = {isa = PBXBuildFile; fileRef = 07F2C2A82659CDF400C08B41 /* SurveyViewController.swift */; };
		07F2C2AC265A28B500C08B41 /* ContentView.swift in Sources */ = {isa = PBXBuildFile; fileRef = 07F2C2AB265A28B500C08B41 /* ContentView.swift */; };
		07F2C2BA265AF3D200C08B41 /* StoreEnvironment.swift in Sources */ = {isa = PBXBuildFile; fileRef = 07F2C2B9265AF3D200C08B41 /* StoreEnvironment.swift */; };
		07F2C2BC265B211400C08B41 /* SurveyView.swift in Sources */ = {isa = PBXBuildFile; fileRef = 07F2C2BB265B211400C08B41 /* SurveyView.swift */; };
		07F2C2C3265CA77500C08B41 /* MainViewController.swift in Sources */ = {isa = PBXBuildFile; fileRef = 07F2C2C2265CA77500C08B41 /* MainViewController.swift */; };
		07FB4FB0264B7A2B004A0D93 /* HealthKit.framework in Frameworks */ = {isa = PBXBuildFile; fileRef = 07FB4FAF264B7A2B004A0D93 /* HealthKit.framework */; };
		07FB4FB3264B7D89004A0D93 /* CareKitStore in Frameworks */ = {isa = PBXBuildFile; productRef = 07FB4FB2264B7D89004A0D93 /* CareKitStore */; };
		07FB4FB5264B7D89004A0D93 /* CareKit in Frameworks */ = {isa = PBXBuildFile; productRef = 07FB4FB4264B7D89004A0D93 /* CareKit */; };
		07FB4FB7264B7D89004A0D93 /* CareKitUI in Frameworks */ = {isa = PBXBuildFile; productRef = 07FB4FB6264B7D89004A0D93 /* CareKitUI */; };
		07FB4FBC264E1A4D004A0D93 /* CareData.swift in Sources */ = {isa = PBXBuildFile; fileRef = 07FB4FBB264E1A4D004A0D93 /* CareData.swift */; };
/* End PBXBuildFile section */

/* Begin PBXContainerItemProxy section */
		07067AE02648A13F00B7BB90 /* PBXContainerItemProxy */ = {
			isa = PBXContainerItemProxy;
			containerPortal = 07067AC12648A13B00B7BB90 /* Project object */;
			proxyType = 1;
			remoteGlobalIDString = 07067AC82648A13B00B7BB90;
			remoteInfo = HealthKitDemo;
		};
		07067AEB2648A13F00B7BB90 /* PBXContainerItemProxy */ = {
			isa = PBXContainerItemProxy;
			containerPortal = 07067AC12648A13B00B7BB90 /* Project object */;
			proxyType = 1;
			remoteGlobalIDString = 07067AC82648A13B00B7BB90;
			remoteInfo = HealthKitDemo;
		};
		07A878A8266356CA00CB9C5A /* PBXContainerItemProxy */ = {
			isa = PBXContainerItemProxy;
			containerPortal = 07A878A2266356CA00CB9C5A /* ResearchKit.xcodeproj */;
			proxyType = 2;
			remoteGlobalIDString = B183A5951A8535D100C76870;
			remoteInfo = ResearchKit;
		};
		07A878AA266356CA00CB9C5A /* PBXContainerItemProxy */ = {
			isa = PBXContainerItemProxy;
			containerPortal = 07A878A2266356CA00CB9C5A /* ResearchKit.xcodeproj */;
			proxyType = 2;
			remoteGlobalIDString = 86CC8E9A1AC09332001CCD89;
			remoteInfo = ResearchKitTests;
		};
/* End PBXContainerItemProxy section */

/* Begin PBXCopyFilesBuildPhase section */
		07F2C2912659C8CD00C08B41 /* Embed Frameworks */ = {
			isa = PBXCopyFilesBuildPhase;
			buildActionMask = 2147483647;
			dstPath = "";
			dstSubfolderSpec = 10;
			files = (
			);
			name = "Embed Frameworks";
			runOnlyForDeploymentPostprocessing = 0;
		};
/* End PBXCopyFilesBuildPhase section */

/* Begin PBXFileReference section */
		07067AC92648A13B00B7BB90 /* HealthKitDemo.app */ = {isa = PBXFileReference; explicitFileType = wrapper.application; includeInIndex = 0; path = HealthKitDemo.app; sourceTree = BUILT_PRODUCTS_DIR; };
		07067ACC2648A13B00B7BB90 /* AppDelegate.swift */ = {isa = PBXFileReference; lastKnownFileType = sourcecode.swift; path = AppDelegate.swift; sourceTree = "<group>"; };
		07067ACE2648A13B00B7BB90 /* SceneDelegate.swift */ = {isa = PBXFileReference; lastKnownFileType = sourcecode.swift; path = SceneDelegate.swift; sourceTree = "<group>"; };
		07067AD22648A13F00B7BB90 /* Assets.xcassets */ = {isa = PBXFileReference; lastKnownFileType = folder.assetcatalog; path = Assets.xcassets; sourceTree = "<group>"; };
		07067AD52648A13F00B7BB90 /* Preview Assets.xcassets */ = {isa = PBXFileReference; lastKnownFileType = folder.assetcatalog; path = "Preview Assets.xcassets"; sourceTree = "<group>"; };
		07067AD82648A13F00B7BB90 /* Base */ = {isa = PBXFileReference; lastKnownFileType = file.storyboard; name = Base; path = Base.lproj/LaunchScreen.storyboard; sourceTree = "<group>"; };
		07067ADA2648A13F00B7BB90 /* Info.plist */ = {isa = PBXFileReference; lastKnownFileType = text.plist.xml; path = Info.plist; sourceTree = "<group>"; };
		07067ADF2648A13F00B7BB90 /* HealthKitDemoTests.xctest */ = {isa = PBXFileReference; explicitFileType = wrapper.cfbundle; includeInIndex = 0; path = HealthKitDemoTests.xctest; sourceTree = BUILT_PRODUCTS_DIR; };
		07067AE32648A13F00B7BB90 /* HealthKitDemoTests.swift */ = {isa = PBXFileReference; lastKnownFileType = sourcecode.swift; path = HealthKitDemoTests.swift; sourceTree = "<group>"; };
		07067AE52648A13F00B7BB90 /* Info.plist */ = {isa = PBXFileReference; lastKnownFileType = text.plist.xml; path = Info.plist; sourceTree = "<group>"; };
		07067AEA2648A13F00B7BB90 /* HealthKitDemoUITests.xctest */ = {isa = PBXFileReference; explicitFileType = wrapper.cfbundle; includeInIndex = 0; path = HealthKitDemoUITests.xctest; sourceTree = BUILT_PRODUCTS_DIR; };
		07067AEE2648A14000B7BB90 /* HealthKitDemoUITests.swift */ = {isa = PBXFileReference; lastKnownFileType = sourcecode.swift; path = HealthKitDemoUITests.swift; sourceTree = "<group>"; };
		07067AF02648A14000B7BB90 /* Info.plist */ = {isa = PBXFileReference; lastKnownFileType = text.plist.xml; path = Info.plist; sourceTree = "<group>"; };
		07067AFC2648A69D00B7BB90 /* README.md */ = {isa = PBXFileReference; lastKnownFileType = net.daringfireball.markdown; path = README.md; sourceTree = "<group>"; };
		07A878A2266356CA00CB9C5A /* ResearchKit.xcodeproj */ = {isa = PBXFileReference; lastKnownFileType = "wrapper.pb-project"; name = ResearchKit.xcodeproj; path = "../../../../Users/omar/Library/Developer/Xcode/DerivedData/HealthKitDemo-ckndlfubjsvtudaixtwabmxcbarv/SourcePackages/checkouts/ResearchKit/ResearchKit.xcodeproj"; sourceTree = "<group>"; };
		07F2C2A82659CDF400C08B41 /* SurveyViewController.swift */ = {isa = PBXFileReference; lastKnownFileType = sourcecode.swift; path = SurveyViewController.swift; sourceTree = "<group>"; };
		07F2C2AB265A28B500C08B41 /* ContentView.swift */ = {isa = PBXFileReference; lastKnownFileType = sourcecode.swift; path = ContentView.swift; sourceTree = "<group>"; };
		07F2C2B9265AF3D200C08B41 /* StoreEnvironment.swift */ = {isa = PBXFileReference; lastKnownFileType = sourcecode.swift; path = StoreEnvironment.swift; sourceTree = "<group>"; };
		07F2C2BB265B211400C08B41 /* SurveyView.swift */ = {isa = PBXFileReference; lastKnownFileType = sourcecode.swift; path = SurveyView.swift; sourceTree = "<group>"; };
		07F2C2C2265CA77500C08B41 /* MainViewController.swift */ = {isa = PBXFileReference; lastKnownFileType = sourcecode.swift; path = MainViewController.swift; sourceTree = "<group>"; };
		07FB4FAD264B7A2B004A0D93 /* HealthKitDemo.entitlements */ = {isa = PBXFileReference; lastKnownFileType = text.plist.entitlements; path = HealthKitDemo.entitlements; sourceTree = "<group>"; };
		07FB4FAF264B7A2B004A0D93 /* HealthKit.framework */ = {isa = PBXFileReference; lastKnownFileType = wrapper.framework; name = HealthKit.framework; path = System/Library/Frameworks/HealthKit.framework; sourceTree = SDKROOT; };
		07FB4FBB264E1A4D004A0D93 /* CareData.swift */ = {isa = PBXFileReference; lastKnownFileType = sourcecode.swift; path = CareData.swift; sourceTree = "<group>"; };
/* End PBXFileReference section */

/* Begin PBXFrameworksBuildPhase section */
		07067AC62648A13B00B7BB90 /* Frameworks */ = {
			isa = PBXFrameworksBuildPhase;
			buildActionMask = 2147483647;
			files = (
				07FB4FB5264B7D89004A0D93 /* CareKit in Frameworks */,
				07FB4FB3264B7D89004A0D93 /* CareKitStore in Frameworks */,
				07FB4FB7264B7D89004A0D93 /* CareKitUI in Frameworks */,
				07FB4FB0264B7A2B004A0D93 /* HealthKit.framework in Frameworks */,
			);
			runOnlyForDeploymentPostprocessing = 0;
		};
		07067ADC2648A13F00B7BB90 /* Frameworks */ = {
			isa = PBXFrameworksBuildPhase;
			buildActionMask = 2147483647;
			files = (
			);
			runOnlyForDeploymentPostprocessing = 0;
		};
		07067AE72648A13F00B7BB90 /* Frameworks */ = {
			isa = PBXFrameworksBuildPhase;
			buildActionMask = 2147483647;
			files = (
			);
			runOnlyForDeploymentPostprocessing = 0;
		};
/* End PBXFrameworksBuildPhase section */

/* Begin PBXGroup section */
		07067AC02648A13B00B7BB90 = {
			isa = PBXGroup;
			children = (
				07067AFC2648A69D00B7BB90 /* README.md */,
				07067ACB2648A13B00B7BB90 /* HealthKitDemo */,
				07067AE22648A13F00B7BB90 /* HealthKitDemoTests */,
				07067AED2648A14000B7BB90 /* HealthKitDemoUITests */,
				07067ACA2648A13B00B7BB90 /* Products */,
				07FB4FAE264B7A2B004A0D93 /* Frameworks */,
			);
			sourceTree = "<group>";
		};
		07067ACA2648A13B00B7BB90 /* Products */ = {
			isa = PBXGroup;
			children = (
				07067AC92648A13B00B7BB90 /* HealthKitDemo.app */,
				07067ADF2648A13F00B7BB90 /* HealthKitDemoTests.xctest */,
				07067AEA2648A13F00B7BB90 /* HealthKitDemoUITests.xctest */,
			);
			name = Products;
			sourceTree = "<group>";
		};
		07067ACB2648A13B00B7BB90 /* HealthKitDemo */ = {
			isa = PBXGroup;
			children = (
				07067ACC2648A13B00B7BB90 /* AppDelegate.swift */,
				07067ACE2648A13B00B7BB90 /* SceneDelegate.swift */,
				07067AD72648A13F00B7BB90 /* LaunchScreen.storyboard */,
				07FB4FBB264E1A4D004A0D93 /* CareData.swift */,
				07F2C2B1265AEEAA00C08B41 /* UI */,
				07F2C2B8265AF3BB00C08B41 /* Environment */,
				07067AD42648A13F00B7BB90 /* Preview Content */,
				07F2C2B7265AEF0E00C08B41 /* SupportFiles */,
			);
			path = HealthKitDemo;
			sourceTree = "<group>";
		};
		07067AD42648A13F00B7BB90 /* Preview Content */ = {
			isa = PBXGroup;
			children = (
				07067AD52648A13F00B7BB90 /* Preview Assets.xcassets */,
			);
			path = "Preview Content";
			sourceTree = "<group>";
		};
		07067AE22648A13F00B7BB90 /* HealthKitDemoTests */ = {
			isa = PBXGroup;
			children = (
				07067AE32648A13F00B7BB90 /* HealthKitDemoTests.swift */,
				07067AE52648A13F00B7BB90 /* Info.plist */,
			);
			path = HealthKitDemoTests;
			sourceTree = "<group>";
		};
		07067AED2648A14000B7BB90 /* HealthKitDemoUITests */ = {
			isa = PBXGroup;
			children = (
				07067AEE2648A14000B7BB90 /* HealthKitDemoUITests.swift */,
				07067AF02648A14000B7BB90 /* Info.plist */,
			);
			path = HealthKitDemoUITests;
			sourceTree = "<group>";
		};
		07A878A3266356CA00CB9C5A /* Products */ = {
			isa = PBXGroup;
			children = (
				07A878A9266356CA00CB9C5A /* ResearchKit.framework */,
				07A878AB266356CA00CB9C5A /* ResearchKitTests.xctest */,
			);
			name = Products;
			sourceTree = "<group>";
		};
		07F2C2B1265AEEAA00C08B41 /* UI */ = {
			isa = PBXGroup;
			children = (
				07F2C2B6265AEEC800C08B41 /* View */,
				07F2C2B5265AEEB600C08B41 /* ViewControllers */,
			);
			path = UI;
			sourceTree = "<group>";
		};
		07F2C2B5265AEEB600C08B41 /* ViewControllers */ = {
			isa = PBXGroup;
			children = (
				07F2C2A82659CDF400C08B41 /* SurveyViewController.swift */,
				07F2C2C2265CA77500C08B41 /* MainViewController.swift */,
			);
			path = ViewControllers;
			sourceTree = "<group>";
		};
		07F2C2B6265AEEC800C08B41 /* View */ = {
			isa = PBXGroup;
			children = (
				07F2C2AB265A28B500C08B41 /* ContentView.swift */,
				07F2C2BB265B211400C08B41 /* SurveyView.swift */,
			);
			path = View;
			sourceTree = "<group>";
		};
		07F2C2B7265AEF0E00C08B41 /* SupportFiles */ = {
			isa = PBXGroup;
			children = (
				07067AD22648A13F00B7BB90 /* Assets.xcassets */,
				07067ADA2648A13F00B7BB90 /* Info.plist */,
				07FB4FAD264B7A2B004A0D93 /* HealthKitDemo.entitlements */,
			);
			path = SupportFiles;
			sourceTree = "<group>";
		};
		07F2C2B8265AF3BB00C08B41 /* Environment */ = {
			isa = PBXGroup;
			children = (
				07F2C2B9265AF3D200C08B41 /* StoreEnvironment.swift */,
			);
			path = Environment;
			sourceTree = "<group>";
		};
		07FB4FAE264B7A2B004A0D93 /* Frameworks */ = {
			isa = PBXGroup;
			children = (
				07A878A2266356CA00CB9C5A /* ResearchKit.xcodeproj */,
				07FB4FAF264B7A2B004A0D93 /* HealthKit.framework */,
			);
			name = Frameworks;
			sourceTree = "<group>";
		};
/* End PBXGroup section */

/* Begin PBXNativeTarget section */
		07067AC82648A13B00B7BB90 /* HealthKitDemo */ = {
			isa = PBXNativeTarget;
			buildConfigurationList = 07067AF32648A14000B7BB90 /* Build configuration list for PBXNativeTarget "HealthKitDemo" */;
			buildPhases = (
				07067AC52648A13B00B7BB90 /* Sources */,
				07067AC62648A13B00B7BB90 /* Frameworks */,
				07067AC72648A13B00B7BB90 /* Resources */,
				07F2C2912659C8CD00C08B41 /* Embed Frameworks */,
			);
			buildRules = (
			);
			dependencies = (
			);
			name = HealthKitDemo;
			packageProductDependencies = (
				07FB4FB2264B7D89004A0D93 /* CareKitStore */,
				07FB4FB4264B7D89004A0D93 /* CareKit */,
				07FB4FB6264B7D89004A0D93 /* CareKitUI */,
			);
			productName = HealthKitDemo;
			productReference = 07067AC92648A13B00B7BB90 /* HealthKitDemo.app */;
			productType = "com.apple.product-type.application";
		};
		07067ADE2648A13F00B7BB90 /* HealthKitDemoTests */ = {
			isa = PBXNativeTarget;
			buildConfigurationList = 07067AF62648A14000B7BB90 /* Build configuration list for PBXNativeTarget "HealthKitDemoTests" */;
			buildPhases = (
				07067ADB2648A13F00B7BB90 /* Sources */,
				07067ADC2648A13F00B7BB90 /* Frameworks */,
				07067ADD2648A13F00B7BB90 /* Resources */,
			);
			buildRules = (
			);
			dependencies = (
				07067AE12648A13F00B7BB90 /* PBXTargetDependency */,
			);
			name = HealthKitDemoTests;
			productName = HealthKitDemoTests;
			productReference = 07067ADF2648A13F00B7BB90 /* HealthKitDemoTests.xctest */;
			productType = "com.apple.product-type.bundle.unit-test";
		};
		07067AE92648A13F00B7BB90 /* HealthKitDemoUITests */ = {
			isa = PBXNativeTarget;
			buildConfigurationList = 07067AF92648A14000B7BB90 /* Build configuration list for PBXNativeTarget "HealthKitDemoUITests" */;
			buildPhases = (
				07067AE62648A13F00B7BB90 /* Sources */,
				07067AE72648A13F00B7BB90 /* Frameworks */,
				07067AE82648A13F00B7BB90 /* Resources */,
			);
			buildRules = (
			);
			dependencies = (
				07067AEC2648A13F00B7BB90 /* PBXTargetDependency */,
			);
			name = HealthKitDemoUITests;
			productName = HealthKitDemoUITests;
			productReference = 07067AEA2648A13F00B7BB90 /* HealthKitDemoUITests.xctest */;
			productType = "com.apple.product-type.bundle.ui-testing";
		};
/* End PBXNativeTarget section */

/* Begin PBXProject section */
		07067AC12648A13B00B7BB90 /* Project object */ = {
			isa = PBXProject;
			attributes = {
				LastSwiftUpdateCheck = 1250;
				LastUpgradeCheck = 1250;
				TargetAttributes = {
					07067AC82648A13B00B7BB90 = {
						CreatedOnToolsVersion = 12.5;
					};
					07067ADE2648A13F00B7BB90 = {
						CreatedOnToolsVersion = 12.5;
						TestTargetID = 07067AC82648A13B00B7BB90;
					};
					07067AE92648A13F00B7BB90 = {
						CreatedOnToolsVersion = 12.5;
						TestTargetID = 07067AC82648A13B00B7BB90;
					};
				};
			};
			buildConfigurationList = 07067AC42648A13B00B7BB90 /* Build configuration list for PBXProject "HealthKitDemo" */;
			compatibilityVersion = "Xcode 9.3";
			developmentRegion = en;
			hasScannedForEncodings = 0;
			knownRegions = (
				en,
				Base,
			);
			mainGroup = 07067AC02648A13B00B7BB90;
			packageReferences = (
				07FB4FB1264B7D89004A0D93 /* XCRemoteSwiftPackageReference "CareKit" */,
			);
			productRefGroup = 07067ACA2648A13B00B7BB90 /* Products */;
			projectDirPath = "";
			projectReferences = (
				{
					ProductGroup = 07A878A3266356CA00CB9C5A /* Products */;
					ProjectRef = 07A878A2266356CA00CB9C5A /* ResearchKit.xcodeproj */;
				},
			);
			projectRoot = "";
			targets = (
				07067AC82648A13B00B7BB90 /* HealthKitDemo */,
				07067ADE2648A13F00B7BB90 /* HealthKitDemoTests */,
				07067AE92648A13F00B7BB90 /* HealthKitDemoUITests */,
			);
		};
/* End PBXProject section */

/* Begin PBXReferenceProxy section */
		07A878A9266356CA00CB9C5A /* ResearchKit.framework */ = {
			isa = PBXReferenceProxy;
			fileType = wrapper.framework;
			path = ResearchKit.framework;
			remoteRef = 07A878A8266356CA00CB9C5A /* PBXContainerItemProxy */;
			sourceTree = BUILT_PRODUCTS_DIR;
		};
		07A878AB266356CA00CB9C5A /* ResearchKitTests.xctest */ = {
			isa = PBXReferenceProxy;
			fileType = wrapper.cfbundle;
			path = ResearchKitTests.xctest;
			remoteRef = 07A878AA266356CA00CB9C5A /* PBXContainerItemProxy */;
			sourceTree = BUILT_PRODUCTS_DIR;
		};
/* End PBXReferenceProxy section */

/* Begin PBXResourcesBuildPhase section */
		07067AC72648A13B00B7BB90 /* Resources */ = {
			isa = PBXResourcesBuildPhase;
			buildActionMask = 2147483647;
			files = (
				07067AD92648A13F00B7BB90 /* LaunchScreen.storyboard in Resources */,
				07067AD62648A13F00B7BB90 /* Preview Assets.xcassets in Resources */,
				07067AFD2648A69D00B7BB90 /* README.md in Resources */,
				07067AD32648A13F00B7BB90 /* Assets.xcassets in Resources */,
			);
			runOnlyForDeploymentPostprocessing = 0;
		};
		07067ADD2648A13F00B7BB90 /* Resources */ = {
			isa = PBXResourcesBuildPhase;
			buildActionMask = 2147483647;
			files = (
			);
			runOnlyForDeploymentPostprocessing = 0;
		};
		07067AE82648A13F00B7BB90 /* Resources */ = {
			isa = PBXResourcesBuildPhase;
			buildActionMask = 2147483647;
			files = (
			);
			runOnlyForDeploymentPostprocessing = 0;
		};
/* End PBXResourcesBuildPhase section */

/* Begin PBXSourcesBuildPhase section */
		07067AC52648A13B00B7BB90 /* Sources */ = {
			isa = PBXSourcesBuildPhase;
			buildActionMask = 2147483647;
			files = (
				07067ACD2648A13B00B7BB90 /* AppDelegate.swift in Sources */,
				07067ACF2648A13B00B7BB90 /* SceneDelegate.swift in Sources */,
				07F2C2AC265A28B500C08B41 /* ContentView.swift in Sources */,
				07F2C2BC265B211400C08B41 /* SurveyView.swift in Sources */,
				07F2C2BA265AF3D200C08B41 /* StoreEnvironment.swift in Sources */,
				07F2C2C3265CA77500C08B41 /* MainViewController.swift in Sources */,
				07FB4FBC264E1A4D004A0D93 /* CareData.swift in Sources */,
				07F2C2A92659CDF400C08B41 /* SurveyViewController.swift in Sources */,
			);
			runOnlyForDeploymentPostprocessing = 0;
		};
		07067ADB2648A13F00B7BB90 /* Sources */ = {
			isa = PBXSourcesBuildPhase;
			buildActionMask = 2147483647;
			files = (
				07067AE42648A13F00B7BB90 /* HealthKitDemoTests.swift in Sources */,
			);
			runOnlyForDeploymentPostprocessing = 0;
		};
		07067AE62648A13F00B7BB90 /* Sources */ = {
			isa = PBXSourcesBuildPhase;
			buildActionMask = 2147483647;
			files = (
				07067AEF2648A14000B7BB90 /* HealthKitDemoUITests.swift in Sources */,
			);
			runOnlyForDeploymentPostprocessing = 0;
		};
/* End PBXSourcesBuildPhase section */

/* Begin PBXTargetDependency section */
		07067AE12648A13F00B7BB90 /* PBXTargetDependency */ = {
			isa = PBXTargetDependency;
			target = 07067AC82648A13B00B7BB90 /* HealthKitDemo */;
			targetProxy = 07067AE02648A13F00B7BB90 /* PBXContainerItemProxy */;
		};
		07067AEC2648A13F00B7BB90 /* PBXTargetDependency */ = {
			isa = PBXTargetDependency;
			target = 07067AC82648A13B00B7BB90 /* HealthKitDemo */;
			targetProxy = 07067AEB2648A13F00B7BB90 /* PBXContainerItemProxy */;
		};
/* End PBXTargetDependency section */

/* Begin PBXVariantGroup section */
		07067AD72648A13F00B7BB90 /* LaunchScreen.storyboard */ = {
			isa = PBXVariantGroup;
			children = (
				07067AD82648A13F00B7BB90 /* Base */,
			);
			name = LaunchScreen.storyboard;
			sourceTree = "<group>";
		};
/* End PBXVariantGroup section */

/* Begin XCBuildConfiguration section */
		07067AF12648A14000B7BB90 /* Debug */ = {
			isa = XCBuildConfiguration;
			buildSettings = {
				ALWAYS_SEARCH_USER_PATHS = NO;
				CLANG_ANALYZER_NONNULL = YES;
				CLANG_ANALYZER_NUMBER_OBJECT_CONVERSION = YES_AGGRESSIVE;
				CLANG_CXX_LANGUAGE_STANDARD = "gnu++14";
				CLANG_CXX_LIBRARY = "libc++";
				CLANG_ENABLE_MODULES = YES;
				CLANG_ENABLE_OBJC_ARC = YES;
				CLANG_ENABLE_OBJC_WEAK = YES;
				CLANG_WARN_BLOCK_CAPTURE_AUTORELEASING = YES;
				CLANG_WARN_BOOL_CONVERSION = YES;
				CLANG_WARN_COMMA = YES;
				CLANG_WARN_CONSTANT_CONVERSION = YES;
				CLANG_WARN_DEPRECATED_OBJC_IMPLEMENTATIONS = YES;
				CLANG_WARN_DIRECT_OBJC_ISA_USAGE = YES_ERROR;
				CLANG_WARN_DOCUMENTATION_COMMENTS = YES;
				CLANG_WARN_EMPTY_BODY = YES;
				CLANG_WARN_ENUM_CONVERSION = YES;
				CLANG_WARN_INFINITE_RECURSION = YES;
				CLANG_WARN_INT_CONVERSION = YES;
				CLANG_WARN_NON_LITERAL_NULL_CONVERSION = YES;
				CLANG_WARN_OBJC_IMPLICIT_RETAIN_SELF = YES;
				CLANG_WARN_OBJC_LITERAL_CONVERSION = YES;
				CLANG_WARN_OBJC_ROOT_CLASS = YES_ERROR;
				CLANG_WARN_QUOTED_INCLUDE_IN_FRAMEWORK_HEADER = YES;
				CLANG_WARN_RANGE_LOOP_ANALYSIS = YES;
				CLANG_WARN_STRICT_PROTOTYPES = YES;
				CLANG_WARN_SUSPICIOUS_MOVE = YES;
				CLANG_WARN_UNGUARDED_AVAILABILITY = YES_AGGRESSIVE;
				CLANG_WARN_UNREACHABLE_CODE = YES;
				CLANG_WARN__DUPLICATE_METHOD_MATCH = YES;
				COPY_PHASE_STRIP = NO;
				DEBUG_INFORMATION_FORMAT = dwarf;
				ENABLE_STRICT_OBJC_MSGSEND = YES;
				ENABLE_TESTABILITY = YES;
				GCC_C_LANGUAGE_STANDARD = gnu11;
				GCC_DYNAMIC_NO_PIC = NO;
				GCC_NO_COMMON_BLOCKS = YES;
				GCC_OPTIMIZATION_LEVEL = 0;
				GCC_PREPROCESSOR_DEFINITIONS = (
					"DEBUG=1",
					"$(inherited)",
				);
				GCC_WARN_64_TO_32_BIT_CONVERSION = YES;
				GCC_WARN_ABOUT_RETURN_TYPE = YES_ERROR;
				GCC_WARN_UNDECLARED_SELECTOR = YES;
				GCC_WARN_UNINITIALIZED_AUTOS = YES_AGGRESSIVE;
				GCC_WARN_UNUSED_FUNCTION = YES;
				GCC_WARN_UNUSED_VARIABLE = YES;
				IPHONEOS_DEPLOYMENT_TARGET = 14.5;
				MTL_ENABLE_DEBUG_INFO = INCLUDE_SOURCE;
				MTL_FAST_MATH = YES;
				ONLY_ACTIVE_ARCH = YES;
				SDKROOT = iphoneos;
				SWIFT_ACTIVE_COMPILATION_CONDITIONS = DEBUG;
				SWIFT_OPTIMIZATION_LEVEL = "-Onone";
			};
			name = Debug;
		};
		07067AF22648A14000B7BB90 /* Release */ = {
			isa = XCBuildConfiguration;
			buildSettings = {
				ALWAYS_SEARCH_USER_PATHS = NO;
				CLANG_ANALYZER_NONNULL = YES;
				CLANG_ANALYZER_NUMBER_OBJECT_CONVERSION = YES_AGGRESSIVE;
				CLANG_CXX_LANGUAGE_STANDARD = "gnu++14";
				CLANG_CXX_LIBRARY = "libc++";
				CLANG_ENABLE_MODULES = YES;
				CLANG_ENABLE_OBJC_ARC = YES;
				CLANG_ENABLE_OBJC_WEAK = YES;
				CLANG_WARN_BLOCK_CAPTURE_AUTORELEASING = YES;
				CLANG_WARN_BOOL_CONVERSION = YES;
				CLANG_WARN_COMMA = YES;
				CLANG_WARN_CONSTANT_CONVERSION = YES;
				CLANG_WARN_DEPRECATED_OBJC_IMPLEMENTATIONS = YES;
				CLANG_WARN_DIRECT_OBJC_ISA_USAGE = YES_ERROR;
				CLANG_WARN_DOCUMENTATION_COMMENTS = YES;
				CLANG_WARN_EMPTY_BODY = YES;
				CLANG_WARN_ENUM_CONVERSION = YES;
				CLANG_WARN_INFINITE_RECURSION = YES;
				CLANG_WARN_INT_CONVERSION = YES;
				CLANG_WARN_NON_LITERAL_NULL_CONVERSION = YES;
				CLANG_WARN_OBJC_IMPLICIT_RETAIN_SELF = YES;
				CLANG_WARN_OBJC_LITERAL_CONVERSION = YES;
				CLANG_WARN_OBJC_ROOT_CLASS = YES_ERROR;
				CLANG_WARN_QUOTED_INCLUDE_IN_FRAMEWORK_HEADER = YES;
				CLANG_WARN_RANGE_LOOP_ANALYSIS = YES;
				CLANG_WARN_STRICT_PROTOTYPES = YES;
				CLANG_WARN_SUSPICIOUS_MOVE = YES;
				CLANG_WARN_UNGUARDED_AVAILABILITY = YES_AGGRESSIVE;
				CLANG_WARN_UNREACHABLE_CODE = YES;
				CLANG_WARN__DUPLICATE_METHOD_MATCH = YES;
				COPY_PHASE_STRIP = NO;
				DEBUG_INFORMATION_FORMAT = "dwarf-with-dsym";
				ENABLE_NS_ASSERTIONS = NO;
				ENABLE_STRICT_OBJC_MSGSEND = YES;
				GCC_C_LANGUAGE_STANDARD = gnu11;
				GCC_NO_COMMON_BLOCKS = YES;
				GCC_WARN_64_TO_32_BIT_CONVERSION = YES;
				GCC_WARN_ABOUT_RETURN_TYPE = YES_ERROR;
				GCC_WARN_UNDECLARED_SELECTOR = YES;
				GCC_WARN_UNINITIALIZED_AUTOS = YES_AGGRESSIVE;
				GCC_WARN_UNUSED_FUNCTION = YES;
				GCC_WARN_UNUSED_VARIABLE = YES;
				IPHONEOS_DEPLOYMENT_TARGET = 14.5;
				MTL_ENABLE_DEBUG_INFO = NO;
				MTL_FAST_MATH = YES;
				SDKROOT = iphoneos;
				SWIFT_COMPILATION_MODE = wholemodule;
				SWIFT_OPTIMIZATION_LEVEL = "-O";
				VALIDATE_PRODUCT = YES;
			};
			name = Release;
		};
		07067AF42648A14000B7BB90 /* Debug */ = {
			isa = XCBuildConfiguration;
			buildSettings = {
				ASSETCATALOG_COMPILER_APPICON_NAME = AppIcon;
				ASSETCATALOG_COMPILER_GLOBAL_ACCENT_COLOR_NAME = AccentColor;
				CODE_SIGN_ENTITLEMENTS = HealthKitDemo/SupportFiles/HealthKitDemo.entitlements;
				CODE_SIGN_STYLE = Automatic;
				DEVELOPMENT_ASSET_PATHS = "\"HealthKitDemo/Preview Content\"";
				DEVELOPMENT_TEAM = 6T5BJ8996L;
				ENABLE_PREVIEWS = YES;
				INFOPLIST_FILE = HealthKitDemo/SupportFiles/Info.plist;
				LD_RUNPATH_SEARCH_PATHS = (
					"$(inherited)",
					"@executable_path/Frameworks",
				);
				PRODUCT_BUNDLE_IDENTIFIER = utk.HealthKitDemo;
				PRODUCT_NAME = "$(TARGET_NAME)";
				SWIFT_VERSION = 5.0;
				TARGETED_DEVICE_FAMILY = "1,2";
			};
			name = Debug;
		};
		07067AF52648A14000B7BB90 /* Release */ = {
			isa = XCBuildConfiguration;
			buildSettings = {
				ASSETCATALOG_COMPILER_APPICON_NAME = AppIcon;
				ASSETCATALOG_COMPILER_GLOBAL_ACCENT_COLOR_NAME = AccentColor;
				CODE_SIGN_ENTITLEMENTS = HealthKitDemo/SupportFiles/HealthKitDemo.entitlements;
				CODE_SIGN_STYLE = Automatic;
				DEVELOPMENT_ASSET_PATHS = "\"HealthKitDemo/Preview Content\"";
				DEVELOPMENT_TEAM = 6T5BJ8996L;
				ENABLE_PREVIEWS = YES;
				INFOPLIST_FILE = HealthKitDemo/SupportFiles/Info.plist;
				LD_RUNPATH_SEARCH_PATHS = (
					"$(inherited)",
					"@executable_path/Frameworks",
				);
				PRODUCT_BUNDLE_IDENTIFIER = utk.HealthKitDemo;
				PRODUCT_NAME = "$(TARGET_NAME)";
				SWIFT_VERSION = 5.0;
				TARGETED_DEVICE_FAMILY = "1,2";
			};
			name = Release;
		};
		07067AF72648A14000B7BB90 /* Debug */ = {
			isa = XCBuildConfiguration;
			buildSettings = {
				ALWAYS_EMBED_SWIFT_STANDARD_LIBRARIES = YES;
				BUNDLE_LOADER = "$(TEST_HOST)";
				CODE_SIGN_STYLE = Automatic;
				DEVELOPMENT_TEAM = 6T5BJ8996L;
				INFOPLIST_FILE = HealthKitDemoTests/Info.plist;
				IPHONEOS_DEPLOYMENT_TARGET = 14.5;
				LD_RUNPATH_SEARCH_PATHS = (
					"$(inherited)",
					"@executable_path/Frameworks",
					"@loader_path/Frameworks",
				);
				PRODUCT_BUNDLE_IDENTIFIER = utk.HealthKitDemoTests;
				PRODUCT_NAME = "$(TARGET_NAME)";
				SWIFT_VERSION = 5.0;
				TARGETED_DEVICE_FAMILY = "1,2";
				TEST_HOST = "$(BUILT_PRODUCTS_DIR)/HealthKitDemo.app/HealthKitDemo";
			};
			name = Debug;
		};
		07067AF82648A14000B7BB90 /* Release */ = {
			isa = XCBuildConfiguration;
			buildSettings = {
				ALWAYS_EMBED_SWIFT_STANDARD_LIBRARIES = YES;
				BUNDLE_LOADER = "$(TEST_HOST)";
				CODE_SIGN_STYLE = Automatic;
				DEVELOPMENT_TEAM = 6T5BJ8996L;
				INFOPLIST_FILE = HealthKitDemoTests/Info.plist;
				IPHONEOS_DEPLOYMENT_TARGET = 14.5;
				LD_RUNPATH_SEARCH_PATHS = (
					"$(inherited)",
					"@executable_path/Frameworks",
					"@loader_path/Frameworks",
				);
				PRODUCT_BUNDLE_IDENTIFIER = utk.HealthKitDemoTests;
				PRODUCT_NAME = "$(TARGET_NAME)";
				SWIFT_VERSION = 5.0;
				TARGETED_DEVICE_FAMILY = "1,2";
				TEST_HOST = "$(BUILT_PRODUCTS_DIR)/HealthKitDemo.app/HealthKitDemo";
			};
			name = Release;
		};
		07067AFA2648A14000B7BB90 /* Debug */ = {
			isa = XCBuildConfiguration;
			buildSettings = {
				ALWAYS_EMBED_SWIFT_STANDARD_LIBRARIES = YES;
				CODE_SIGN_STYLE = Automatic;
				DEVELOPMENT_TEAM = 6T5BJ8996L;
				INFOPLIST_FILE = HealthKitDemoUITests/Info.plist;
				LD_RUNPATH_SEARCH_PATHS = (
					"$(inherited)",
					"@executable_path/Frameworks",
					"@loader_path/Frameworks",
				);
				PRODUCT_BUNDLE_IDENTIFIER = utk.HealthKitDemoUITests;
				PRODUCT_NAME = "$(TARGET_NAME)";
				SWIFT_VERSION = 5.0;
				TARGETED_DEVICE_FAMILY = "1,2";
				TEST_TARGET_NAME = HealthKitDemo;
			};
			name = Debug;
		};
		07067AFB2648A14000B7BB90 /* Release */ = {
			isa = XCBuildConfiguration;
			buildSettings = {
				ALWAYS_EMBED_SWIFT_STANDARD_LIBRARIES = YES;
				CODE_SIGN_STYLE = Automatic;
				DEVELOPMENT_TEAM = 6T5BJ8996L;
				INFOPLIST_FILE = HealthKitDemoUITests/Info.plist;
				LD_RUNPATH_SEARCH_PATHS = (
					"$(inherited)",
					"@executable_path/Frameworks",
					"@loader_path/Frameworks",
				);
				PRODUCT_BUNDLE_IDENTIFIER = utk.HealthKitDemoUITests;
				PRODUCT_NAME = "$(TARGET_NAME)";
				SWIFT_VERSION = 5.0;
				TARGETED_DEVICE_FAMILY = "1,2";
				TEST_TARGET_NAME = HealthKitDemo;
			};
			name = Release;
		};
/* End XCBuildConfiguration section */

/* Begin XCConfigurationList section */
		07067AC42648A13B00B7BB90 /* Build configuration list for PBXProject "HealthKitDemo" */ = {
			isa = XCConfigurationList;
			buildConfigurations = (
				07067AF12648A14000B7BB90 /* Debug */,
				07067AF22648A14000B7BB90 /* Release */,
			);
			defaultConfigurationIsVisible = 0;
			defaultConfigurationName = Release;
		};
		07067AF32648A14000B7BB90 /* Build configuration list for PBXNativeTarget "HealthKitDemo" */ = {
			isa = XCConfigurationList;
			buildConfigurations = (
				07067AF42648A14000B7BB90 /* Debug */,
				07067AF52648A14000B7BB90 /* Release */,
			);
			defaultConfigurationIsVisible = 0;
			defaultConfigurationName = Release;
		};
		07067AF62648A14000B7BB90 /* Build configuration list for PBXNativeTarget "HealthKitDemoTests" */ = {
			isa = XCConfigurationList;
			buildConfigurations = (
				07067AF72648A14000B7BB90 /* Debug */,
				07067AF82648A14000B7BB90 /* Release */,
			);
			defaultConfigurationIsVisible = 0;
			defaultConfigurationName = Release;
		};
		07067AF92648A14000B7BB90 /* Build configuration list for PBXNativeTarget "HealthKitDemoUITests" */ = {
			isa = XCConfigurationList;
			buildConfigurations = (
				07067AFA2648A14000B7BB90 /* Debug */,
				07067AFB2648A14000B7BB90 /* Release */,
			);
			defaultConfigurationIsVisible = 0;
			defaultConfigurationName = Release;
		};
/* End XCConfigurationList section */

/* Begin XCRemoteSwiftPackageReference section */
		07FB4FB1264B7D89004A0D93 /* XCRemoteSwiftPackageReference "CareKit" */ = {
			isa = XCRemoteSwiftPackageReference;
			repositoryURL = "https://github.com/carekit-apple/CareKit";
			requirement = {
				kind = upToNextMajorVersion;
				minimumVersion = 2.0.2;
			};
		};
/* End XCRemoteSwiftPackageReference section */

/* Begin XCSwiftPackageProductDependency section */
		07FB4FB2264B7D89004A0D93 /* CareKitStore */ = {
			isa = XCSwiftPackageProductDependency;
			package = 07FB4FB1264B7D89004A0D93 /* XCRemoteSwiftPackageReference "CareKit" */;
			productName = CareKitStore;
		};
		07FB4FB4264B7D89004A0D93 /* CareKit */ = {
			isa = XCSwiftPackageProductDependency;
			package = 07FB4FB1264B7D89004A0D93 /* XCRemoteSwiftPackageReference "CareKit" */;
			productName = CareKit;
		};
		07FB4FB6264B7D89004A0D93 /* CareKitUI */ = {
			isa = XCSwiftPackageProductDependency;
			package = 07FB4FB1264B7D89004A0D93 /* XCRemoteSwiftPackageReference "CareKit" */;
			productName = CareKitUI;
		};
/* End XCSwiftPackageProductDependency section */
	};
	rootObject = 07067AC12648A13B00B7BB90 /* Project object */;
}
